version = 1
revision = 2
requires-python = ">=3.8"
resolution-markers = [
    "python_full_version >= '3.9'",
    "python_full_version < '3.9'",
]

[[package]]
name = "altgraph"
version = "0.17.4"
source = { registry = "https://mirrors.aliyun.com/pypi/simple" }
sdist = { url = "https://mirrors.aliyun.com/pypi/packages/de/a8/7145824cf0b9e3c28046520480f207df47e927df83aa9555fb47f8505922/altgraph-0.17.4.tar.gz", hash = "sha256:1b5afbb98f6c4dcadb2e2ae6ab9fa994bbb8c1d75f4fa96d340f9437ae454406" }
wheels = [
    { url = "https://mirrors.aliyun.com/pypi/packages/4d/3f/3bc3f1d83f6e4a7fcb834d3720544ca597590425be5ba9db032b2bf322a2/altgraph-0.17.4-py2.py3-none-any.whl", hash = "sha256:642743b4750de17e655e6711601b077bc6598dbfa3ba5fa2b2a35ce12b508dff" },
]

[[package]]
name = "cbuild-py"
version = "0.1.0"
source = { virtual = "." }
dependencies = [
    { name = "pyinstaller" },
]

[package.metadata]
requires-dist = [{ name = "pyinstaller", specifier = ">=6.15.0" }]

[[package]]
name = "importlib-metadata"
version = "8.5.0"
source = { registry = "https://mirrors.aliyun.com/pypi/simple" }
resolution-markers = [
    "python_full_version < '3.9'",
]
dependencies = [
    { name = "zipp", version = "3.20.2", source = { registry = "https://mirrors.aliyun.com/pypi/simple" }, marker = "python_full_version < '3.9'" },
]
sdist = { url = "https://mirrors.aliyun.com/pypi/packages/cd/12/33e59336dca5be0c398a7482335911a33aa0e20776128f038019f1a95f1b/importlib_metadata-8.5.0.tar.gz", hash = "sha256:71522656f0abace1d072b9e5481a48f07c138e00f079c38c8f883823f9c26bd7" }
wheels = [
    { url = "https://mirrors.aliyun.com/pypi/packages/a0/d9/a1e041c5e7caa9a05c925f4bdbdfb7f006d1f74996af53467bc394c97be7/importlib_metadata-8.5.0-py3-none-any.whl", hash = "sha256:45e54197d28b7a7f1559e60b95e7c567032b602131fbd588f1497f47880aa68b" },
]

[[package]]
name = "importlib-metadata"
version = "8.7.0"
source = { registry = "https://mirrors.aliyun.com/pypi/simple" }
resolution-markers = [
    "python_full_version >= '3.9'",
]
dependencies = [
    { name = "zipp", version = "3.23.0", source = { registry = "https://mirrors.aliyun.com/pypi/simple" }, marker = "python_full_version >= '3.9'" },
]
sdist = { url = "https://mirrors.aliyun.com/pypi/packages/76/66/650a33bd90f786193e4de4b3ad86ea60b53c89b669a5c7be931fac31cdb0/importlib_metadata-8.7.0.tar.gz", hash = "sha256:d13b81ad223b890aa16c5471f2ac3056cf76c5f10f82d6f9292f0b415f389000" }
wheels = [
    { url = "https://mirrors.aliyun.com/pypi/packages/20/b0/36bd937216ec521246249be3bf9855081de4c5e06a0c9b4219dbeda50373/importlib_metadata-8.7.0-py3-none-any.whl", hash = "sha256:e5dd1551894c77868a30651cef00984d50e1002d06942a7101d34870c5f02afd" },
]

[[package]]
name = "macholib"
version = "1.16.3"
source = { registry = "https://mirrors.aliyun.com/pypi/simple" }
dependencies = [
    { name = "altgraph" },
]
sdist = { url = "https://mirrors.aliyun.com/pypi/packages/95/ee/af1a3842bdd5902ce133bd246eb7ffd4375c38642aeb5dc0ae3a0329dfa2/macholib-1.16.3.tar.gz", hash = "sha256:07ae9e15e8e4cd9a788013d81f5908b3609aa76f9b1421bae9c4d7606ec86a30" }
wheels = [
    { url = "https://mirrors.aliyun.com/pypi/packages/d1/5d/c059c180c84f7962db0aeae7c3b9303ed1d73d76f2bfbc32bc231c8be314/macholib-1.16.3-py2.py3-none-any.whl", hash = "sha256:0e315d7583d38b8c77e815b1ecbdbf504a8258d8b3e17b61165c6feb60d18f2c" },
]

[[package]]
name = "packaging"
version = "25.0"
source = { registry = "https://mirrors.aliyun.com/pypi/simple" }
sdist = { url = "https://mirrors.aliyun.com/pypi/packages/a1/d4/1fc4078c65507b51b96ca8f8c3ba19e6a61c8253c72794544580a7b6c24d/packaging-25.0.tar.gz", hash = "sha256:d443872c98d677bf60f6a1f2f8c1cb748e8fe762d2bf9d3148b5599295b0fc4f" }
wheels = [
    { url = "https://mirrors.aliyun.com/pypi/packages/20/12/38679034af332785aac8774540895e234f4d07f7545804097de4b666afd8/packaging-25.0-py3-none-any.whl", hash = "sha256:29572ef2b1f17581046b3a2227d5c611fb25ec70ca1ba8554b24b0e69331a484" },
]

[[package]]
name = "pefile"
version = "2023.2.7"
source = { registry = "https://mirrors.aliyun.com/pypi/simple" }
sdist = { url = "https://mirrors.aliyun.com/pypi/packages/78/c5/3b3c62223f72e2360737fd2a57c30e5b2adecd85e70276879609a7403334/pefile-2023.2.7.tar.gz", hash = "sha256:82e6114004b3d6911c77c3953e3838654b04511b8b66e8583db70c65998017dc" }
wheels = [
    { url = "https://mirrors.aliyun.com/pypi/packages/55/26/d0ad8b448476d0a1e8d3ea5622dc77b916db84c6aa3cb1e1c0965af948fc/pefile-2023.2.7-py3-none-any.whl", hash = "sha256:da185cd2af68c08a6cd4481f7325ed600a88f6a813bad9dea07ab3ef73d8d8d6" },
]

[[package]]
name = "pyinstaller"
version = "6.15.0"
source = { registry = "https://mirrors.aliyun.com/pypi/simple" }
dependencies = [
    { name = "altgraph" },
    { name = "importlib-metadata", version = "8.5.0", source = { registry = "https://mirrors.aliyun.com/pypi/simple" }, marker = "python_full_version < '3.9'" },
    { name = "importlib-metadata", version = "8.7.0", source = { registry = "https://mirrors.aliyun.com/pypi/simple" }, marker = "python_full_version == '3.9.*'" },
    { name = "macholib", marker = "sys_platform == 'darwin'" },
    { name = "packaging" },
    { name = "pefile", marker = "sys_platform == 'win32'" },
    { name = "pyinstaller-hooks-contrib" },
    { name = "pywin32-ctypes", marker = "sys_platform == 'win32'" },
    { name = "setuptools", version = "75.3.2", source = { registry = "https://mirrors.aliyun.com/pypi/simple" }, marker = "python_full_version < '3.9'" },
    { name = "setuptools", version = "80.9.0", source = { registry = "https://mirrors.aliyun.com/pypi/simple" }, marker = "python_full_version >= '3.9'" },
]
sdist = { url = "https://mirrors.aliyun.com/pypi/packages/64/17/b2bb4de22650adbeef401fa82a1b43028976547a8728602e4d29735b455e/pyinstaller-6.15.0.tar.gz", hash = "sha256:a48fc4644ee4aa2aa2a35e7b51f496f8fbd7eecf6a2150646bbf1613ad07bc2d" }
wheels = [
    { url = "https://mirrors.aliyun.com/pypi/packages/24/dd/d5c8a127446adda954f68ea7fac22772f7ab8656ad4b06df396d82574ca9/pyinstaller-6.15.0-py3-none-macosx_10_13_universal2.whl", hash = "sha256:9f00c71c40148cd1e61695b2c6f1e086693d3bcf9bfa22ab513aa4254c3b966f" },
    { url = "https://mirrors.aliyun.com/pypi/packages/2d/2a/7b50593b419db43e48d9bdeebaac0ff92a5fe035f3c30f87ca3e1650d7e2/pyinstaller-6.15.0-py3-none-manylinux2014_aarch64.whl", hash = "sha256:cbcc8eb77320c60722030ac875883b564e00768fe3ff1721c7ba3ad0e0a277e9" },
    { url = "https://mirrors.aliyun.com/pypi/packages/77/83/7f498fba0154c57eb5fc93eb9680a2dbadb9f780a3389fb85b8d79683378/pyinstaller-6.15.0-py3-none-manylinux2014_i686.whl", hash = "sha256:c33e6302bc53db2df1104ed5566bd980b3e0ee7f18416a6e3caa908c12a54542" },
    { url = "https://mirrors.aliyun.com/pypi/packages/09/d6/e4477feab7c8379fb49e7ec95c82d0a69ad88f6ccc247f76bef3cb0e3432/pyinstaller-6.15.0-py3-none-manylinux2014_ppc64le.whl", hash = "sha256:eb902d0fed3bb1f8b7190dc4df5c11f3b59505767e0d56d1ed782b853938bbf3" },
    { url = "https://mirrors.aliyun.com/pypi/packages/32/7e/ff25648276f15e2e77fc563d36d8cfcd917e077bf2a172420df3588601b4/pyinstaller-6.15.0-py3-none-manylinux2014_s390x.whl", hash = "sha256:b4df862adae7cf1f08eff53c43ace283822447f7f528f72e4f94749062712f15" },
    { url = "https://mirrors.aliyun.com/pypi/packages/db/3d/267a7dddd0647de95d260780050ccd8228ab29d2b9edea54ed1f56800967/pyinstaller-6.15.0-py3-none-manylinux2014_x86_64.whl", hash = "sha256:b9ebf16ed0f99016ae8ae5746dee4cb244848a12941539e62ce2eea1df5a3f95" },
    { url = "https://mirrors.aliyun.com/pypi/packages/4d/61/962b2eb79ef225233e2d6e04600e998935328011dfb2fa775b1dd16b943a/pyinstaller-6.15.0-py3-none-musllinux_1_1_aarch64.whl", hash = "sha256:22193489e6a22435417103f61e7950363bba600ef36ec3ab1487303668c81092" },
    { url = "https://mirrors.aliyun.com/pypi/packages/67/5e/4e20e1c0e5791b09b69bef3ac921fd0cd25551b56879324ad999b92fa045/pyinstaller-6.15.0-py3-none-musllinux_1_1_x86_64.whl", hash = "sha256:18f743069849dbaee3e10900385f35795a5743eabab55e99dcc42f204e40a0db" },
    { url = "https://mirrors.aliyun.com/pypi/packages/88/31/28956c534991f289e2f981c715730b6241e75dc6295737a8cbd050a0cc8c/pyinstaller-6.15.0-py3-none-win32.whl", hash = "sha256:60da8f1b5071766b45c0f607d8bc3d7e59ba2c3b262d08f2e4066ba65f3544a2" },
    { url = "https://mirrors.aliyun.com/pypi/packages/09/ab/6a45186c7f8e34c422faecd72580116a67d068158c57faa2d2f6d01faa7f/pyinstaller-6.15.0-py3-none-win_amd64.whl", hash = "sha256:cbea297e16eeda30b41c300d6ec2fd2abea4dbd8d8a32650eeec36431c94fcd9" },
    { url = "https://mirrors.aliyun.com/pypi/packages/5b/86/72159af032b9db36f2470a3b085f79277ec1c38e7e48f8c5dc1ed16dc4e1/pyinstaller-6.15.0-py3-none-win_arm64.whl", hash = "sha256:f43c035621742cf2d19b84308c60e4e44e72c94786d176b8f6adcde351b5bd98" },
]

[[package]]
name = "pyinstaller-hooks-contrib"
version = "2025.8"
source = { registry = "https://mirrors.aliyun.com/pypi/simple" }
dependencies = [
    { name = "importlib-metadata", version = "8.5.0", source = { registry = "https://mirrors.aliyun.com/pypi/simple" }, marker = "python_full_version < '3.9'" },
    { name = "importlib-metadata", version = "8.7.0", source = { registry = "https://mirrors.aliyun.com/pypi/simple" }, marker = "python_full_version == '3.9.*'" },
    { name = "packaging" },
    { name = "setuptools", version = "75.3.2", source = { registry = "https://mirrors.aliyun.com/pypi/simple" }, marker = "python_full_version < '3.9'" },
    { name = "setuptools", version = "80.9.0", source = { registry = "https://mirrors.aliyun.com/pypi/simple" }, marker = "python_full_version >= '3.9'" },
]
sdist = { url = "https://mirrors.aliyun.com/pypi/packages/71/d6/e5b378b7d4add8c879295c531309b0320e9c07a70458665d091760ffdc87/pyinstaller_hooks_contrib-2025.8.tar.gz", hash = "sha256:3402ad41dfe9b5110af134422e37fc5d421ba342c6cb980bd67cb30b7415641c" }
wheels = [
    { url = "https://mirrors.aliyun.com/pypi/packages/48/34/1d973d0dae849683e53fbcda84443ce016f315e6f4dc7605ede4f56a28c3/pyinstaller_hooks_contrib-2025.8-py3-none-any.whl", hash = "sha256:8d0b8cfa0cb689a619294ae200497374234bd4e3994b3ace2a4442274c899064" },
]

[[package]]
name = "pywin32-ctypes"
version = "0.2.3"
source = { registry = "https://mirrors.aliyun.com/pypi/simple" }
sdist = { url = "https://mirrors.aliyun.com/pypi/packages/85/9f/01a1a99704853cb63f253eea009390c88e7131c67e66a0a02099a8c917cb/pywin32-ctypes-0.2.3.tar.gz", hash = "sha256:d162dc04946d704503b2edc4d55f3dba5c1d539ead017afa00142c38b9885755" }
wheels = [
    { url = "https://mirrors.aliyun.com/pypi/packages/de/3d/8161f7711c017e01ac9f008dfddd9410dff3674334c233bde66e7ba65bbf/pywin32_ctypes-0.2.3-py3-none-any.whl", hash = "sha256:8a1513379d709975552d202d942d9837758905c8d01eb82b8bcc30918929e7b8" },
]

[[package]]
name = "setuptools"
version = "75.3.2"
source = { registry = "https://mirrors.aliyun.com/pypi/simple" }
resolution-markers = [
    "python_full_version < '3.9'",
]
sdist = { url = "https://mirrors.aliyun.com/pypi/packages/5c/01/771ea46cce201dd42cff043a5eea929d1c030fb3d1c2ee2729d02ca7814c/setuptools-75.3.2.tar.gz", hash = "sha256:3c1383e1038b68556a382c1e8ded8887cd20141b0eb5708a6c8d277de49364f5" }
wheels = [
    { url = "https://mirrors.aliyun.com/pypi/packages/15/65/3f0dba35760d902849d39d38c0a72767794b1963227b69a587f8a336d08c/setuptools-75.3.2-py3-none-any.whl", hash = "sha256:90ab613b6583fc02d5369cbca13ea26ea0e182d1df2d943ee9cbe81d4c61add9" },
]

[[package]]
name = "setuptools"
version = "80.9.0"
source = { registry = "https://mirrors.aliyun.com/pypi/simple" }
resolution-markers = [
    "python_full_version >= '3.9'",
]
sdist = { url = "https://mirrors.aliyun.com/pypi/packages/18/5d/3bf57dcd21979b887f014ea83c24ae194cfcd12b9e0fda66b957c69d1fca/setuptools-80.9.0.tar.gz", hash = "sha256:f36b47402ecde768dbfafc46e8e4207b4360c654f1f3bb84475f0a28628fb19c" }
wheels = [
    { url = "https://mirrors.aliyun.com/pypi/packages/a3/dc/17031897dae0efacfea57dfd3a82fdd2a2aeb58e0ff71b77b87e44edc772/setuptools-80.9.0-py3-none-any.whl", hash = "sha256:062d34222ad13e0cc312a4c02d73f059e86a4acbfbdea8f8f76b28c99f306922" },
]

[[package]]
name = "zipp"
version = "3.20.2"
source = { registry = "https://mirrors.aliyun.com/pypi/simple" }
resolution-markers = [
    "python_full_version < '3.9'",
]
sdist = { url = "https://mirrors.aliyun.com/pypi/packages/54/bf/5c0000c44ebc80123ecbdddba1f5dcd94a5ada602a9c225d84b5aaa55e86/zipp-3.20.2.tar.gz", hash = "sha256:bc9eb26f4506fda01b81bcde0ca78103b6e62f991b381fec825435c836edbc29" }
wheels = [
    { url = "https://mirrors.aliyun.com/pypi/packages/62/8b/5ba542fa83c90e09eac972fc9baca7a88e7e7ca4b221a89251954019308b/zipp-3.20.2-py3-none-any.whl", hash = "sha256:a817ac80d6cf4b23bf7f2828b7cabf326f15a001bea8b1f9b49631780ba28350" },
]

[[package]]
name = "zipp"
version = "3.23.0"
source = { registry = "https://mirrors.aliyun.com/pypi/simple" }
resolution-markers = [
    "python_full_version >= '3.9'",
]
sdist = { url = "https://mirrors.aliyun.com/pypi/packages/e3/02/0f2892c661036d50ede074e376733dca2ae7c6eb617489437771209d4180/zipp-3.23.0.tar.gz", hash = "sha256:a07157588a12518c9d4034df3fbbee09c814741a33ff63c05fa29d26a2404166" }
wheels = [
    { url = "https://mirrors.aliyun.com/pypi/packages/2e/54/647ade08bf0db230bfea292f893923872fd20be6ac6f53b2b936ba839d75/zipp-3.23.0-py3-none-any.whl", hash = "sha256:071652d6115ed432f5ce1d34c336c0adfd6a884660d1e9712a256d3d3bd4b14e" },
]
